
Microsoft Visual Studio Solution File, Format Version 12.00
# Visual Studio Version 17
VisualStudioVersion = 17.9.34701.34
MinimumVisualStudioVersion = 10.0.40219.1
Project("{FAE04EC0-301F-11D3-BF4B-00C04F79EFBC}") = "JRamedia", "JRamedia\JRamedia.csproj", "{AD27D67F-0C45-423B-929D-F17DE17345F3}"
EndProject
Global
	GlobalSection(SolutionConfigurationPlatforms) = preSolution
		Debug|Any CPU = Debug|Any CPU
		Release|Any CPU = Release|Any CPU
	EndGlobalSection
	GlobalSection(ProjectConfigurationPlatforms) = postSolution
		{AD27D67F-0C45-423B-929D-F17DE17345F3}.Debug|Any CPU.ActiveCfg = Debug|Any CPU
		{AD27D67F-0C45-423B-929D-F17DE17345F3}.Debug|Any CPU.Build.0 = Debug|Any CPU
		{AD27D67F-0C45-423B-929D-F17DE17345F3}.Release|Any CPU.ActiveCfg = Release|Any CPU
		{AD27D67F-0C45-423B-929D-F17DE17345F3}.Release|Any CPU.Build.0 = Release|Any CPU
	EndGlobalSection
	GlobalSection(SolutionProperties) = preSolution
		HideSolutionNode = FALSE
	EndGlobalSection
	GlobalSection(ExtensibilityGlobals) = postSolution
		SolutionGuid = {E92A5DE3-2BAE-4EAF-ACB2-0BA5DD76878B}
	EndGlobalSection
EndGlobal
